
Microsoft Visual Studio Solution File, Format Version 12.00
# Visual Studio Version 17
VisualStudioVersion = 17.4.33122.133
MinimumVisualStudioVersion = 10.0.40219.1
Project("{9A19103F-16F7-4668-BE54-9A1E7A4F7556}") = "UsermanagerService", "UsermanagerService\UsermanagerService.csproj", "{F3FCD261-3165-47E8-AFA7-AED20E3590B6}"
EndProject
Project("{FAE04EC0-301F-11D3-BF4B-00C04F79EFBC}") = "UserManager.nUnitTests", "UserManager.nUnitTests\UserManager.nUnitTests.csproj", "{34E0DF5E-5120-45AF-8BF3-526897BA9F08}"
EndProject
Global
	GlobalSection(SolutionConfigurationPlatforms) = preSolution
		Debug|Any CPU = Debug|Any CPU
		Release|Any CPU = Release|Any CPU
	EndGlobalSection
	GlobalSection(ProjectConfigurationPlatforms) = postSolution
		{F3FCD261-3165-47E8-AFA7-AED20E3590B6}.Debug|Any CPU.ActiveCfg = Debug|Any CPU
		{F3FCD261-3165-47E8-AFA7-AED20E3590B6}.Debug|Any CPU.Build.0 = Debug|Any CPU
		{F3FCD261-3165-47E8-AFA7-AED20E3590B6}.Release|Any CPU.ActiveCfg = Release|Any CPU
		{F3FCD261-3165-47E8-AFA7-AED20E3590B6}.Release|Any CPU.Build.0 = Release|Any CPU
		{34E0DF5E-5120-45AF-8BF3-526897BA9F08}.Debug|Any CPU.ActiveCfg = Debug|Any CPU
		{34E0DF5E-5120-45AF-8BF3-526897BA9F08}.Debug|Any CPU.Build.0 = Debug|Any CPU
		{34E0DF5E-5120-45AF-8BF3-526897BA9F08}.Release|Any CPU.ActiveCfg = Release|Any CPU
		{34E0DF5E-5120-45AF-8BF3-526897BA9F08}.Release|Any CPU.Build.0 = Release|Any CPU
	EndGlobalSection
	GlobalSection(SolutionProperties) = preSolution
		HideSolutionNode = FALSE
	EndGlobalSection
	GlobalSection(ExtensibilityGlobals) = postSolution
		SolutionGuid = {BA266ABB-DC29-4942-9B79-2D7B74B32A0B}
	EndGlobalSection
EndGlobal
